{
    "_meta": {
        "hash": {
            "sha256": "6bb502fbaa7080da7d932bd2f273febdcf1dd92b94ef09aded8ad27ef0be461c"
        },
        "pipfile-spec": 6,
        "requires": {
            "python_full_version": "3.12.12",
            "python_version": "3.12"
        },
        "sources": [
            {
                "name": "pypi",
                "url": "https://pypi.org/simple",
                "verify_ssl": true
            }
        ]
    },
    "default": {},
    "develop": {}
}
